
Microsoft Visual Studio Solution File, Format Version 12.00
# Visual Studio 2013
VisualStudioVersion = 12.0.30501.0
MinimumVisualStudioVersion = 10.0.40219.1
Project("{FAE04EC0-301F-11D3-BF4B-00C04F79EFBC}") = "HashTableClass", "HashTableClass\HashTableClass.csproj", "{5C538158-50BC-49B3-8171-7F88BD6CB6B5}"
EndProject
Project("{FAE04EC0-301F-11D3-BF4B-00C04F79EFBC}") = "HashTableClass.Tests", "HashTableClass.Tests\HashTableClass.Tests.csproj", "{9D706239-4933-4838-A874-9FCDCCAA1B8D}"
EndProject
Global
	GlobalSection(SolutionConfigurationPlatforms) = preSolution
		Debug|Any CPU = Debug|Any CPU
		Release|Any CPU = Release|Any CPU
	EndGlobalSection
	GlobalSection(ProjectConfigurationPlatforms) = postSolution
		{5C538158-50BC-49B3-8171-7F88BD6CB6B5}.Debug|Any CPU.ActiveCfg = Debug|Any CPU
		{5C538158-50BC-49B3-8171-7F88BD6CB6B5}.Debug|Any CPU.Build.0 = Debug|Any CPU
		{5C538158-50BC-49B3-8171-7F88BD6CB6B5}.Release|Any CPU.ActiveCfg = Release|Any CPU
		{5C538158-50BC-49B3-8171-7F88BD6CB6B5}.Release|Any CPU.Build.0 = Release|Any CPU
		{9D706239-4933-4838-A874-9FCDCCAA1B8D}.Debug|Any CPU.ActiveCfg = Debug|Any CPU
		{9D706239-4933-4838-A874-9FCDCCAA1B8D}.Debug|Any CPU.Build.0 = Debug|Any CPU
		{9D706239-4933-4838-A874-9FCDCCAA1B8D}.Release|Any CPU.ActiveCfg = Release|Any CPU
		{9D706239-4933-4838-A874-9FCDCCAA1B8D}.Release|Any CPU.Build.0 = Release|Any CPU
	EndGlobalSection
	GlobalSection(SolutionProperties) = preSolution
		HideSolutionNode = FALSE
	EndGlobalSection
EndGlobal
