
Microsoft Visual Studio Solution File, Format Version 12.00
# Visual Studio 2013
VisualStudioVersion = 12.0.30501.0
MinimumVisualStudioVersion = 10.0.40219.1
Project("{FAE04EC0-301F-11D3-BF4B-00C04F79EFBC}") = "HashTableClass", "HashTableClass\HashTableClass.csproj", "{334D8F02-E9E5-49FD-B596-23B8B1371BD5}"
EndProject
Project("{FAE04EC0-301F-11D3-BF4B-00C04F79EFBC}") = "HashTableClass.Tests", "HashTableClass.Tests\HashTableClass.Tests.csproj", "{02972E9A-30EC-4635-A839-5F46FE0D3AD5}"
EndProject
Global
	GlobalSection(SolutionConfigurationPlatforms) = preSolution
		Debug|Any CPU = Debug|Any CPU
		Release|Any CPU = Release|Any CPU
	EndGlobalSection
	GlobalSection(ProjectConfigurationPlatforms) = postSolution
		{334D8F02-E9E5-49FD-B596-23B8B1371BD5}.Debug|Any CPU.ActiveCfg = Debug|Any CPU
		{334D8F02-E9E5-49FD-B596-23B8B1371BD5}.Debug|Any CPU.Build.0 = Debug|Any CPU
		{334D8F02-E9E5-49FD-B596-23B8B1371BD5}.Release|Any CPU.ActiveCfg = Release|Any CPU
		{334D8F02-E9E5-49FD-B596-23B8B1371BD5}.Release|Any CPU.Build.0 = Release|Any CPU
		{02972E9A-30EC-4635-A839-5F46FE0D3AD5}.Debug|Any CPU.ActiveCfg = Debug|Any CPU
		{02972E9A-30EC-4635-A839-5F46FE0D3AD5}.Debug|Any CPU.Build.0 = Debug|Any CPU
		{02972E9A-30EC-4635-A839-5F46FE0D3AD5}.Release|Any CPU.ActiveCfg = Release|Any CPU
		{02972E9A-30EC-4635-A839-5F46FE0D3AD5}.Release|Any CPU.Build.0 = Release|Any CPU
	EndGlobalSection
	GlobalSection(SolutionProperties) = preSolution
		HideSolutionNode = FALSE
	EndGlobalSection
EndGlobal
