
Microsoft Visual Studio Solution File, Format Version 12.00
# Visual Studio 2013
VisualStudioVersion = 12.0.30501.0
MinimumVisualStudioVersion = 10.0.40219.1
Project("{8BC9CEB8-8B4A-11D0-8D11-00A0C91BC942}") = "08_12_Task2_spanningTree", "08_12_Task2_spanningTree\08_12_Task2_spanningTree.vcxproj", "{6655178E-4645-4843-AF9B-7148B8B3DBE5}"
EndProject
Global
	GlobalSection(SolutionConfigurationPlatforms) = preSolution
		Debug|Win32 = Debug|Win32
		Release|Win32 = Release|Win32
	EndGlobalSection
	GlobalSection(ProjectConfigurationPlatforms) = postSolution
		{6655178E-4645-4843-AF9B-7148B8B3DBE5}.Debug|Win32.ActiveCfg = Debug|Win32
		{6655178E-4645-4843-AF9B-7148B8B3DBE5}.Debug|Win32.Build.0 = Debug|Win32
		{6655178E-4645-4843-AF9B-7148B8B3DBE5}.Release|Win32.ActiveCfg = Release|Win32
		{6655178E-4645-4843-AF9B-7148B8B3DBE5}.Release|Win32.Build.0 = Release|Win32
	EndGlobalSection
	GlobalSection(SolutionProperties) = preSolution
		HideSolutionNode = FALSE
	EndGlobalSection
EndGlobal
