
Microsoft Visual Studio Solution File, Format Version 12.00
# Visual Studio 2013
VisualStudioVersion = 12.0.30501.0
MinimumVisualStudioVersion = 10.0.40219.1
Project("{FAE04EC0-301F-11D3-BF4B-00C04F79EFBC}") = "Test_BubbleSortGenMethod", "Test_BubbleSortGenMethod\Test_BubbleSortGenMethod.csproj", "{FF1DB53E-C1DF-4458-8FBC-8FC9518B0E53}"
EndProject
Project("{FAE04EC0-301F-11D3-BF4B-00C04F79EFBC}") = "Test_BubbleSortGenMethod.Tests", "Test_BubbleSortGenMethod.Tests\Test_BubbleSortGenMethod.Tests.csproj", "{5BD0D7F4-3214-46F9-B06B-F36651C0583C}"
EndProject
Global
	GlobalSection(SolutionConfigurationPlatforms) = preSolution
		Debug|Any CPU = Debug|Any CPU
		Release|Any CPU = Release|Any CPU
	EndGlobalSection
	GlobalSection(ProjectConfigurationPlatforms) = postSolution
		{FF1DB53E-C1DF-4458-8FBC-8FC9518B0E53}.Debug|Any CPU.ActiveCfg = Debug|Any CPU
		{FF1DB53E-C1DF-4458-8FBC-8FC9518B0E53}.Debug|Any CPU.Build.0 = Debug|Any CPU
		{FF1DB53E-C1DF-4458-8FBC-8FC9518B0E53}.Release|Any CPU.ActiveCfg = Release|Any CPU
		{FF1DB53E-C1DF-4458-8FBC-8FC9518B0E53}.Release|Any CPU.Build.0 = Release|Any CPU
		{5BD0D7F4-3214-46F9-B06B-F36651C0583C}.Debug|Any CPU.ActiveCfg = Debug|Any CPU
		{5BD0D7F4-3214-46F9-B06B-F36651C0583C}.Debug|Any CPU.Build.0 = Debug|Any CPU
		{5BD0D7F4-3214-46F9-B06B-F36651C0583C}.Release|Any CPU.ActiveCfg = Release|Any CPU
		{5BD0D7F4-3214-46F9-B06B-F36651C0583C}.Release|Any CPU.Build.0 = Release|Any CPU
	EndGlobalSection
	GlobalSection(SolutionProperties) = preSolution
		HideSolutionNode = FALSE
	EndGlobalSection
EndGlobal
