
Microsoft Visual Studio Solution File, Format Version 12.00
# Visual Studio 2013
VisualStudioVersion = 12.0.30501.0
MinimumVisualStudioVersion = 10.0.40219.1
Project("{F2A71F9B-5D33-465A-A702-920D77279786}") = "PointFreeStyle", "PointFreeStyle\PointFreeStyle.fsproj", "{835E1582-607C-40CA-9728-4CD4912216BC}"
EndProject
Global
	GlobalSection(SolutionConfigurationPlatforms) = preSolution
		Debug|Any CPU = Debug|Any CPU
		Release|Any CPU = Release|Any CPU
	EndGlobalSection
	GlobalSection(ProjectConfigurationPlatforms) = postSolution
		{835E1582-607C-40CA-9728-4CD4912216BC}.Debug|Any CPU.ActiveCfg = Debug|Any CPU
		{835E1582-607C-40CA-9728-4CD4912216BC}.Debug|Any CPU.Build.0 = Debug|Any CPU
		{835E1582-607C-40CA-9728-4CD4912216BC}.Release|Any CPU.ActiveCfg = Release|Any CPU
		{835E1582-607C-40CA-9728-4CD4912216BC}.Release|Any CPU.Build.0 = Release|Any CPU
	EndGlobalSection
	GlobalSection(SolutionProperties) = preSolution
		HideSolutionNode = FALSE
	EndGlobalSection
EndGlobal
